// !$*UTF8*$!
{
	archiveVersion = 1;
	classes = {
	};
	objectVersion = 46;
	objects = {

/* Begin PBXBuildFile section */
		2F2906451E8B87C800B9C88C /* UIView+CYGridView.m in Sources */ = {isa = PBXBuildFile; fileRef = 2F2906441E8B87C800B9C88C /* UIView+CYGridView.m */; };
		2F57AE851E88C51900E1FB2A /* main.m in Sources */ = {isa = PBXBuildFile; fileRef = 2F57AE841E88C51900E1FB2A /* main.m */; };
		2F57AE881E88C51900E1FB2A /* AppDelegate.m in Sources */ = {isa = PBXBuildFile; fileRef = 2F57AE871E88C51900E1FB2A /* AppDelegate.m */; };
		2F57AE8B1E88C51900E1FB2A /* ViewController.m in Sources */ = {isa = PBXBuildFile; fileRef = 2F57AE8A1E88C51900E1FB2A /* ViewController.m */; };
		2F57AE8E1E88C51900E1FB2A /* Main.storyboard in Resources */ = {isa = PBXBuildFile; fileRef = 2F57AE8C1E88C51900E1FB2A /* Main.storyboard */; };
		2F57AE901E88C51900E1FB2A /* Assets.xcassets in Resources */ = {isa = PBXBuildFile; fileRef = 2F57AE8F1E88C51900E1FB2A /* Assets.xcassets */; };
		2F57AE931E88C51900E1FB2A /* LaunchScreen.storyboard in Resources */ = {isa = PBXBuildFile; fileRef = 2F57AE911E88C51900E1FB2A /* LaunchScreen.storyboard */; };
		2F57AEAA1E8A047400E1FB2A /* CYGridView.m in Sources */ = {isa = PBXBuildFile; fileRef = 2F57AEA91E8A047400E1FB2A /* CYGridView.m */; };
		2F57AEAD1E8A04F100E1FB2A /* CYGridCell.m in Sources */ = {isa = PBXBuildFile; fileRef = 2F57AEAC1E8A04F100E1FB2A /* CYGridCell.m */; };
		2F57AEB11E8A2F3A00E1FB2A /* CYTagViewController.m in Sources */ = {isa = PBXBuildFile; fileRef = 2F57AEB01E8A2F3A00E1FB2A /* CYTagViewController.m */; };
		2F57AEB81E8A314E00E1FB2A /* CYTagCell.m in Sources */ = {isa = PBXBuildFile; fileRef = 2F57AEB61E8A314E00E1FB2A /* CYTagCell.m */; };
		2F57AEB91E8A314E00E1FB2A /* CYTagCell.xib in Resources */ = {isa = PBXBuildFile; fileRef = 2F57AEB71E8A314E00E1FB2A /* CYTagCell.xib */; };
		2F57AEBE1E8A457700E1FB2A /* CYTagCellHeader.m in Sources */ = {isa = PBXBuildFile; fileRef = 2F57AEBC1E8A457700E1FB2A /* CYTagCellHeader.m */; };
		2F57AEBF1E8A457700E1FB2A /* CYTagCellHeader.xib in Resources */ = {isa = PBXBuildFile; fileRef = 2F57AEBD1E8A457700E1FB2A /* CYTagCellHeader.xib */; };
/* End PBXBuildFile section */

/* Begin PBXFileReference section */
		2F2906431E8B87C800B9C88C /* UIView+CYGridView.h */ = {isa = PBXFileReference; fileEncoding = 4; lastKnownFileType = sourcecode.c.h; path = "UIView+CYGridView.h"; sourceTree = "<group>"; };
		2F2906441E8B87C800B9C88C /* UIView+CYGridView.m */ = {isa = PBXFileReference; fileEncoding = 4; lastKnownFileType = sourcecode.c.objc; path = "UIView+CYGridView.m"; sourceTree = "<group>"; };
		2F57AE801E88C51900E1FB2A /* CYTagView.app */ = {isa = PBXFileReference; explicitFileType = wrapper.application; includeInIndex = 0; path = CYTagView.app; sourceTree = BUILT_PRODUCTS_DIR; };
		2F57AE841E88C51900E1FB2A /* main.m */ = {isa = PBXFileReference; lastKnownFileType = sourcecode.c.objc; path = main.m; sourceTree = "<group>"; };
		2F57AE861E88C51900E1FB2A /* AppDelegate.h */ = {isa = PBXFileReference; lastKnownFileType = sourcecode.c.h; path = AppDelegate.h; sourceTree = "<group>"; };
		2F57AE871E88C51900E1FB2A /* AppDelegate.m */ = {isa = PBXFileReference; lastKnownFileType = sourcecode.c.objc; path = AppDelegate.m; sourceTree = "<group>"; };
		2F57AE891E88C51900E1FB2A /* ViewController.h */ = {isa = PBXFileReference; lastKnownFileType = sourcecode.c.h; path = ViewController.h; sourceTree = "<group>"; };
		2F57AE8A1E88C51900E1FB2A /* ViewController.m */ = {isa = PBXFileReference; lastKnownFileType = sourcecode.c.objc; path = ViewController.m; sourceTree = "<group>"; };
		2F57AE8D1E88C51900E1FB2A /* Base */ = {isa = PBXFileReference; lastKnownFileType = file.storyboard; name = Base; path = Base.lproj/Main.storyboard; sourceTree = "<group>"; };
		2F57AE8F1E88C51900E1FB2A /* Assets.xcassets */ = {isa = PBXFileReference; lastKnownFileType = folder.assetcatalog; path = Assets.xcassets; sourceTree = "<group>"; };
		2F57AE921E88C51900E1FB2A /* Base */ = {isa = PBXFileReference; lastKnownFileType = file.storyboard; name = Base; path = Base.lproj/LaunchScreen.storyboard; sourceTree = "<group>"; };
		2F57AE941E88C51900E1FB2A /* Info.plist */ = {isa = PBXFileReference; lastKnownFileType = text.plist.xml; path = Info.plist; sourceTree = "<group>"; };
		2F57AEA81E8A047400E1FB2A /* CYGridView.h */ = {isa = PBXFileReference; fileEncoding = 4; lastKnownFileType = sourcecode.c.h; path = CYGridView.h; sourceTree = "<group>"; };
		2F57AEA91E8A047400E1FB2A /* CYGridView.m */ = {isa = PBXFileReference; fileEncoding = 4; lastKnownFileType = sourcecode.c.objc; path = CYGridView.m; sourceTree = "<group>"; };
		2F57AEAB1E8A04F100E1FB2A /* CYGridCell.h */ = {isa = PBXFileReference; fileEncoding = 4; lastKnownFileType = sourcecode.c.h; path = CYGridCell.h; sourceTree = "<group>"; };
		2F57AEAC1E8A04F100E1FB2A /* CYGridCell.m */ = {isa = PBXFileReference; fileEncoding = 4; lastKnownFileType = sourcecode.c.objc; path = CYGridCell.m; sourceTree = "<group>"; };
		2F57AEAF1E8A2F3A00E1FB2A /* CYTagViewController.h */ = {isa = PBXFileReference; fileEncoding = 4; lastKnownFileType = sourcecode.c.h; path = CYTagViewController.h; sourceTree = "<group>"; };
		2F57AEB01E8A2F3A00E1FB2A /* CYTagViewController.m */ = {isa = PBXFileReference; fileEncoding = 4; lastKnownFileType = sourcecode.c.objc; path = CYTagViewController.m; sourceTree = "<group>"; };
		2F57AEB51E8A314E00E1FB2A /* CYTagCell.h */ = {isa = PBXFileReference; fileEncoding = 4; lastKnownFileType = sourcecode.c.h; path = CYTagCell.h; sourceTree = "<group>"; };
		2F57AEB61E8A314E00E1FB2A /* CYTagCell.m */ = {isa = PBXFileReference; fileEncoding = 4; lastKnownFileType = sourcecode.c.objc; path = CYTagCell.m; sourceTree = "<group>"; };
		2F57AEB71E8A314E00E1FB2A /* CYTagCell.xib */ = {isa = PBXFileReference; fileEncoding = 4; lastKnownFileType = file.xib; path = CYTagCell.xib; sourceTree = "<group>"; };
		2F57AEBB1E8A457700E1FB2A /* CYTagCellHeader.h */ = {isa = PBXFileReference; fileEncoding = 4; lastKnownFileType = sourcecode.c.h; path = CYTagCellHeader.h; sourceTree = "<group>"; };
		2F57AEBC1E8A457700E1FB2A /* CYTagCellHeader.m */ = {isa = PBXFileReference; fileEncoding = 4; lastKnownFileType = sourcecode.c.objc; path = CYTagCellHeader.m; sourceTree = "<group>"; };
		2F57AEBD1E8A457700E1FB2A /* CYTagCellHeader.xib */ = {isa = PBXFileReference; fileEncoding = 4; lastKnownFileType = file.xib; path = CYTagCellHeader.xib; sourceTree = "<group>"; };
/* End PBXFileReference section */

/* Begin PBXFrameworksBuildPhase section */
		2F57AE7D1E88C51900E1FB2A /* Frameworks */ = {
			isa = PBXFrameworksBuildPhase;
			buildActionMask = 2147483647;
			files = (
			);
			runOnlyForDeploymentPostprocessing = 0;
		};
/* End PBXFrameworksBuildPhase section */

/* Begin PBXGroup section */
		2F57AE771E88C51900E1FB2A = {
			isa = PBXGroup;
			children = (
				2F57AE821E88C51900E1FB2A /* CYTagView */,
				2F57AE811E88C51900E1FB2A /* Products */,
			);
			sourceTree = "<group>";
		};
		2F57AE811E88C51900E1FB2A /* Products */ = {
			isa = PBXGroup;
			children = (
				2F57AE801E88C51900E1FB2A /* CYTagView.app */,
			);
			name = Products;
			sourceTree = "<group>";
		};
		2F57AE821E88C51900E1FB2A /* CYTagView */ = {
			isa = PBXGroup;
			children = (
				2F57AE861E88C51900E1FB2A /* AppDelegate.h */,
				2F57AE871E88C51900E1FB2A /* AppDelegate.m */,
				2F57AE891E88C51900E1FB2A /* ViewController.h */,
				2F57AE8A1E88C51900E1FB2A /* ViewController.m */,
				2F57AEBA1E8A450F00E1FB2A /* TagDemo */,
				2F57AEAE1E8A09B700E1FB2A /* CYGridView */,
				2F57AE8C1E88C51900E1FB2A /* Main.storyboard */,
				2F57AE8F1E88C51900E1FB2A /* Assets.xcassets */,
				2F57AE911E88C51900E1FB2A /* LaunchScreen.storyboard */,
				2F57AE941E88C51900E1FB2A /* Info.plist */,
				2F57AE831E88C51900E1FB2A /* Supporting Files */,
			);
			path = CYTagView;
			sourceTree = "<group>";
		};
		2F57AE831E88C51900E1FB2A /* Supporting Files */ = {
			isa = PBXGroup;
			children = (
				2F57AE841E88C51900E1FB2A /* main.m */,
			);
			name = "Supporting Files";
			sourceTree = "<group>";
		};
		2F57AEAE1E8A09B700E1FB2A /* CYGridView */ = {
			isa = PBXGroup;
			children = (
				2F57AEA81E8A047400E1FB2A /* CYGridView.h */,
				2F57AEA91E8A047400E1FB2A /* CYGridView.m */,
				2F57AEAB1E8A04F100E1FB2A /* CYGridCell.h */,
				2F57AEAC1E8A04F100E1FB2A /* CYGridCell.m */,
				2F2906431E8B87C800B9C88C /* UIView+CYGridView.h */,
				2F2906441E8B87C800B9C88C /* UIView+CYGridView.m */,
			);
			name = CYGridView;
			sourceTree = "<group>";
		};
		2F57AEBA1E8A450F00E1FB2A /* TagDemo */ = {
			isa = PBXGroup;
			children = (
				2F57AEAF1E8A2F3A00E1FB2A /* CYTagViewController.h */,
				2F57AEB01E8A2F3A00E1FB2A /* CYTagViewController.m */,
				2F57AEBB1E8A457700E1FB2A /* CYTagCellHeader.h */,
				2F57AEBC1E8A457700E1FB2A /* CYTagCellHeader.m */,
				2F57AEBD1E8A457700E1FB2A /* CYTagCellHeader.xib */,
				2F57AEB51E8A314E00E1FB2A /* CYTagCell.h */,
				2F57AEB61E8A314E00E1FB2A /* CYTagCell.m */,
				2F57AEB71E8A314E00E1FB2A /* CYTagCell.xib */,
			);
			name = TagDemo;
			sourceTree = "<group>";
		};
/* End PBXGroup section */

/* Begin PBXNativeTarget section */
		2F57AE7F1E88C51900E1FB2A /* CYTagView */ = {
			isa = PBXNativeTarget;
			buildConfigurationList = 2F57AE971E88C51900E1FB2A /* Build configuration list for PBXNativeTarget "CYTagView" */;
			buildPhases = (
				2F57AE7C1E88C51900E1FB2A /* Sources */,
				2F57AE7D1E88C51900E1FB2A /* Frameworks */,
				2F57AE7E1E88C51900E1FB2A /* Resources */,
			);
			buildRules = (
			);
			dependencies = (
			);
			name = CYTagView;
			productName = CYTagView;
			productReference = 2F57AE801E88C51900E1FB2A /* CYTagView.app */;
			productType = "com.apple.product-type.application";
		};
/* End PBXNativeTarget section */

/* Begin PBXProject section */
		2F57AE781E88C51900E1FB2A /* Project object */ = {
			isa = PBXProject;
			attributes = {
				LastUpgradeCheck = 0810;
				ORGANIZATIONNAME = rainbow;
				TargetAttributes = {
					2F57AE7F1E88C51900E1FB2A = {
						CreatedOnToolsVersion = 8.1;
						DevelopmentTeam = Z4253TE93Z;
						ProvisioningStyle = Automatic;
					};
				};
			};
			buildConfigurationList = 2F57AE7B1E88C51900E1FB2A /* Build configuration list for PBXProject "CYTagView" */;
			compatibilityVersion = "Xcode 3.2";
			developmentRegion = English;
			hasScannedForEncodings = 0;
			knownRegions = (
				en,
				Base,
			);
			mainGroup = 2F57AE771E88C51900E1FB2A;
			productRefGroup = 2F57AE811E88C51900E1FB2A /* Products */;
			projectDirPath = "";
			projectRoot = "";
			targets = (
				2F57AE7F1E88C51900E1FB2A /* CYTagView */,
			);
		};
/* End PBXProject section */

/* Begin PBXResourcesBuildPhase section */
		2F57AE7E1E88C51900E1FB2A /* Resources */ = {
			isa = PBXResourcesBuildPhase;
			buildActionMask = 2147483647;
			files = (
				2F57AEB91E8A314E00E1FB2A /* CYTagCell.xib in Resources */,
				2F57AEBF1E8A457700E1FB2A /* CYTagCellHeader.xib in Resources */,
				2F57AE931E88C51900E1FB2A /* LaunchScreen.storyboard in Resources */,
				2F57AE901E88C51900E1FB2A /* Assets.xcassets in Resources */,
				2F57AE8E1E88C51900E1FB2A /* Main.storyboard in Resources */,
			);
			runOnlyForDeploymentPostprocessing = 0;
		};
/* End PBXResourcesBuildPhase section */

/* Begin PBXSourcesBuildPhase section */
		2F57AE7C1E88C51900E1FB2A /* Sources */ = {
			isa = PBXSourcesBuildPhase;
			buildActionMask = 2147483647;
			files = (
				2F57AEB11E8A2F3A00E1FB2A /* CYTagViewController.m in Sources */,
				2F57AEAD1E8A04F100E1FB2A /* CYGridCell.m in Sources */,
				2F57AE8B1E88C51900E1FB2A /* ViewController.m in Sources */,
				2F57AEBE1E8A457700E1FB2A /* CYTagCellHeader.m in Sources */,
				2F57AE881E88C51900E1FB2A /* AppDelegate.m in Sources */,
				2F57AEAA1E8A047400E1FB2A /* CYGridView.m in Sources */,
				2F2906451E8B87C800B9C88C /* UIView+CYGridView.m in Sources */,
				2F57AE851E88C51900E1FB2A /* main.m in Sources */,
				2F57AEB81E8A314E00E1FB2A /* CYTagCell.m in Sources */,
			);
			runOnlyForDeploymentPostprocessing = 0;
		};
/* End PBXSourcesBuildPhase section */

/* Begin PBXVariantGroup section */
		2F57AE8C1E88C51900E1FB2A /* Main.storyboard */ = {
			isa = PBXVariantGroup;
			children = (
				2F57AE8D1E88C51900E1FB2A /* Base */,
			);
			name = Main.storyboard;
			sourceTree = "<group>";
		};
		2F57AE911E88C51900E1FB2A /* LaunchScreen.storyboard */ = {
			isa = PBXVariantGroup;
			children = (
				2F57AE921E88C51900E1FB2A /* Base */,
			);
			name = LaunchScreen.storyboard;
			sourceTree = "<group>";
		};
/* End PBXVariantGroup section */

/* Begin XCBuildConfiguration section */
		2F57AE951E88C51900E1FB2A /* Debug */ = {
			isa = XCBuildConfiguration;
			buildSettings = {
				ALWAYS_SEARCH_USER_PATHS = NO;
				CLANG_ANALYZER_NONNULL = YES;
				CLANG_CXX_LANGUAGE_STANDARD = "gnu++0x";
				CLANG_CXX_LIBRARY = "libc++";
				CLANG_ENABLE_MODULES = YES;
				CLANG_ENABLE_OBJC_ARC = YES;
				CLANG_WARN_BOOL_CONVERSION = YES;
				CLANG_WARN_CONSTANT_CONVERSION = YES;
				CLANG_WARN_DIRECT_OBJC_ISA_USAGE = YES_ERROR;
				CLANG_WARN_DOCUMENTATION_COMMENTS = YES;
				CLANG_WARN_EMPTY_BODY = YES;
				CLANG_WARN_ENUM_CONVERSION = YES;
				CLANG_WARN_INFINITE_RECURSION = YES;
				CLANG_WARN_INT_CONVERSION = YES;
				CLANG_WARN_OBJC_ROOT_CLASS = YES_ERROR;
				CLANG_WARN_SUSPICIOUS_MOVES = YES;
				CLANG_WARN_UNREACHABLE_CODE = YES;
				CLANG_WARN__DUPLICATE_METHOD_MATCH = YES;
				"CODE_SIGN_IDENTITY[sdk=iphoneos*]" = "iPhone Developer";
				COPY_PHASE_STRIP = NO;
				DEBUG_INFORMATION_FORMAT = dwarf;
				ENABLE_STRICT_OBJC_MSGSEND = YES;
				ENABLE_TESTABILITY = YES;
				GCC_C_LANGUAGE_STANDARD = gnu99;
				GCC_DYNAMIC_NO_PIC = NO;
				GCC_NO_COMMON_BLOCKS = YES;
				GCC_OPTIMIZATION_LEVEL = 0;
				GCC_PREPROCESSOR_DEFINITIONS = (
					"DEBUG=1",
					"$(inherited)",
				);
				GCC_WARN_64_TO_32_BIT_CONVERSION = YES;
				GCC_WARN_ABOUT_RETURN_TYPE = YES_ERROR;
				GCC_WARN_UNDECLARED_SELECTOR = YES;
				GCC_WARN_UNINITIALIZED_AUTOS = YES_AGGRESSIVE;
				GCC_WARN_UNUSED_FUNCTION = YES;
				GCC_WARN_UNUSED_VARIABLE = YES;
				IPHONEOS_DEPLOYMENT_TARGET = 10.1;
				MTL_ENABLE_DEBUG_INFO = YES;
				ONLY_ACTIVE_ARCH = YES;
				SDKROOT = iphoneos;
			};
			name = Debug;
		};
		2F57AE961E88C51900E1FB2A /* Release */ = {
			isa = XCBuildConfiguration;
			buildSettings = {
				ALWAYS_SEARCH_USER_PATHS = NO;
				CLANG_ANALYZER_NONNULL = YES;
				CLANG_CXX_LANGUAGE_STANDARD = "gnu++0x";
				CLANG_CXX_LIBRARY = "libc++";
				CLANG_ENABLE_MODULES = YES;
				CLANG_ENABLE_OBJC_ARC = YES;
				CLANG_WARN_BOOL_CONVERSION = YES;
				CLANG_WARN_CONSTANT_CONVERSION = YES;
				CLANG_WARN_DIRECT_OBJC_ISA_USAGE = YES_ERROR;
				CLANG_WARN_DOCUMENTATION_COMMENTS = YES;
				CLANG_WARN_EMPTY_BODY = YES;
				CLANG_WARN_ENUM_CONVERSION = YES;
				CLANG_WARN_INFINITE_RECURSION = YES;
				CLANG_WARN_INT_CONVERSION = YES;
				CLANG_WARN_OBJC_ROOT_CLASS = YES_ERROR;
				CLANG_WARN_SUSPICIOUS_MOVES = YES;
				CLANG_WARN_UNREACHABLE_CODE = YES;
				CLANG_WARN__DUPLICATE_METHOD_MATCH = YES;
				"CODE_SIGN_IDENTITY[sdk=iphoneos*]" = "iPhone Developer";
				COPY_PHASE_STRIP = NO;
				DEBUG_INFORMATION_FORMAT = "dwarf-with-dsym";
				ENABLE_NS_ASSERTIONS = NO;
				ENABLE_STRICT_OBJC_MSGSEND = YES;
				GCC_C_LANGUAGE_STANDARD = gnu99;
				GCC_NO_COMMON_BLOCKS = YES;
				GCC_WARN_64_TO_32_BIT_CONVERSION = YES;
				GCC_WARN_ABOUT_RETURN_TYPE = YES_ERROR;
				GCC_WARN_UNDECLARED_SELECTOR = YES;
				GCC_WARN_UNINITIALIZED_AUTOS = YES_AGGRESSIVE;
				GCC_WARN_UNUSED_FUNCTION = YES;
				GCC_WARN_UNUSED_VARIABLE = YES;
				IPHONEOS_DEPLOYMENT_TARGET = 10.1;
				MTL_ENABLE_DEBUG_INFO = NO;
				SDKROOT = iphoneos;
				VALIDATE_PRODUCT = YES;
			};
			name = Release;
		};
		2F57AE981E88C51900E1FB2A /* Debug */ = {
			isa = XCBuildConfiguration;
			buildSettings = {
				ASSETCATALOG_COMPILER_APPICON_NAME = AppIcon;
				DEVELOPMENT_TEAM = Z4253TE93Z;
				INFOPLIST_FILE = CYTagView/Info.plist;
				IPHONEOS_DEPLOYMENT_TARGET = 9.0;
				LD_RUNPATH_SEARCH_PATHS = "$(inherited) @executable_path/Frameworks";
				PRODUCT_BUNDLE_IDENTIFIER = com.rainbow.CYTagView;
				PRODUCT_NAME = "$(TARGET_NAME)";
			};
			name = Debug;
		};
		2F57AE991E88C51900E1FB2A /* Release */ = {
			isa = XCBuildConfiguration;
			buildSettings = {
				ASSETCATALOG_COMPILER_APPICON_NAME = AppIcon;
				DEVELOPMENT_TEAM = Z4253TE93Z;
				INFOPLIST_FILE = CYTagView/Info.plist;
				IPHONEOS_DEPLOYMENT_TARGET = 9.0;
				LD_RUNPATH_SEARCH_PATHS = "$(inherited) @executable_path/Frameworks";
				PRODUCT_BUNDLE_IDENTIFIER = com.rainbow.CYTagView;
				PRODUCT_NAME = "$(TARGET_NAME)";
			};
			name = Release;
		};
/* End XCBuildConfiguration section */

/* Begin XCConfigurationList section */
		2F57AE7B1E88C51900E1FB2A /* Build configuration list for PBXProject "CYTagView" */ = {
			isa = XCConfigurationList;
			buildConfigurations = (
				2F57AE951E88C51900E1FB2A /* Debug */,
				2F57AE961E88C51900E1FB2A /* Release */,
			);
			defaultConfigurationIsVisible = 0;
			defaultConfigurationName = Release;
		};
		2F57AE971E88C51900E1FB2A /* Build configuration list for PBXNativeTarget "CYTagView" */ = {
			isa = XCConfigurationList;
			buildConfigurations = (
				2F57AE981E88C51900E1FB2A /* Debug */,
				2F57AE991E88C51900E1FB2A /* Release */,
			);
			defaultConfigurationIsVisible = 0;
			defaultConfigurationName = Release;
		};
/* End XCConfigurationList section */
	};
	rootObject = 2F57AE781E88C51900E1FB2A /* Project object */;
}
